{
    "version": "0.5",
    "requires": [
        "zlib/1.2.13#e377bee636333ae348d51ca90874e353%1682597484.674",
        "libxml2/2.11.4#0bf4a1077299f970dce106e1a98d2cf9%1684479420.736",
        "gtest/1.14.0#4372c5aed2b4018ed9f9da3e218d18b3%1691143988.385"
    ],
    "build_requires": [
        "pkgconf/1.9.3#5da3944c3226f5764374e4b8b4e1d055%1688570267.668",
        "ninja/1.11.1#77587f8c8318662ac8e5a7867eb4be21%1684431244.21",
        "meson/1.0.0#15586c0ac6f682805875ef903dbe7ee2%1673885561.647"
    ],
    "python_requires": []
}